
Microsoft Visual Studio Solution File, Format Version 12.00
# Visual Studio Version 16
VisualStudioVersion = 16.0.31424.327
MinimumVisualStudioVersion = 10.0.40219.1
Project("{FAE04EC0-301F-11D3-BF4B-00C04F79EFBC}") = "WeatherProgram", "WeatherProgram\WeatherProgram.csproj", "{C13BD2A2-AB61-4724-AC08-5A29AF19E77D}"
EndProject
Global
	GlobalSection(SolutionConfigurationPlatforms) = preSolution
		Debug|Any CPU = Debug|Any CPU
		Release|Any CPU = Release|Any CPU
	EndGlobalSection
	GlobalSection(ProjectConfigurationPlatforms) = postSolution
		{C13BD2A2-AB61-4724-AC08-5A29AF19E77D}.Debug|Any CPU.ActiveCfg = Debug|Any CPU
		{C13BD2A2-AB61-4724-AC08-5A29AF19E77D}.Debug|Any CPU.Build.0 = Debug|Any CPU
		{C13BD2A2-AB61-4724-AC08-5A29AF19E77D}.Release|Any CPU.ActiveCfg = Release|Any CPU
		{C13BD2A2-AB61-4724-AC08-5A29AF19E77D}.Release|Any CPU.Build.0 = Release|Any CPU
	EndGlobalSection
	GlobalSection(SolutionProperties) = preSolution
		HideSolutionNode = FALSE
	EndGlobalSection
	GlobalSection(ExtensibilityGlobals) = postSolution
		SolutionGuid = {77A70C08-FAA2-424B-AE9A-55AC8EDBA51C}
	EndGlobalSection
EndGlobal
